
Microsoft Visual Studio Solution File, Format Version 12.00
# Visual Studio Version 16
VisualStudioVersion = 16.0.31019.35
MinimumVisualStudioVersion = 10.0.40219.1
Project("{FAE04EC0-301F-11D3-BF4B-00C04F79EFBC}") = "Bank", "Bank\Bank.csproj", "{77A756D2-CEAA-4771-A2E8-EF49129CB2DA}"
EndProject
Global
	GlobalSection(SolutionConfigurationPlatforms) = preSolution
		Debug|Any CPU = Debug|Any CPU
		Release|Any CPU = Release|Any CPU
	EndGlobalSection
	GlobalSection(ProjectConfigurationPlatforms) = postSolution
		{77A756D2-CEAA-4771-A2E8-EF49129CB2DA}.Debug|Any CPU.ActiveCfg = Debug|Any CPU
		{77A756D2-CEAA-4771-A2E8-EF49129CB2DA}.Debug|Any CPU.Build.0 = Debug|Any CPU
		{77A756D2-CEAA-4771-A2E8-EF49129CB2DA}.Release|Any CPU.ActiveCfg = Release|Any CPU
		{77A756D2-CEAA-4771-A2E8-EF49129CB2DA}.Release|Any CPU.Build.0 = Release|Any CPU
	EndGlobalSection
	GlobalSection(SolutionProperties) = preSolution
		HideSolutionNode = FALSE
	EndGlobalSection
	GlobalSection(ExtensibilityGlobals) = postSolution
		SolutionGuid = {5297423A-4C70-400C-9AFA-45CABB3347C6}
	EndGlobalSection
EndGlobal
